
Microsoft Visual Studio Solution File, Format Version 12.00
Project("{FAE04EC0-301F-11D3-BF4B-00C04F79EFBC}") = "Horse.WebSocket.Protocol", "Horse.WebSocket.Protocol\Horse.WebSocket.Protocol.csproj", "{462031BE-03D9-4AE5-9F81-91A7958A5164}"
EndProject
Project("{2150E333-8FDC-42A3-9474-1A3956D46DE8}") = "Samples", "Samples", "{0412C48D-9071-49B4-98DB-87DEE843B43C}"
EndProject
Project("{FAE04EC0-301F-11D3-BF4B-00C04F79EFBC}") = "Horse.WebSocket.Client", "Horse.WebSocket.Client\Horse.WebSocket.Client.csproj", "{8BC13986-1AEB-456A-B1BD-F4548D02E77F}"
EndProject
Project("{FAE04EC0-301F-11D3-BF4B-00C04F79EFBC}") = "Sample.WebSocket.Client", "Samples\Sample.WebSocket.Client\Sample.WebSocket.Client.csproj", "{8363D7BB-53CE-4C72-BF57-D57C3DDFED13}"
EndProject
Project("{FAE04EC0-301F-11D3-BF4B-00C04F79EFBC}") = "Sample.WebSocket.Server", "Samples\Sample.WebSocket.Server\Sample.WebSocket.Server.csproj", "{1468A7B1-BCD4-4362-8637-8A616277B133}"
EndProject
Project("{FAE04EC0-301F-11D3-BF4B-00C04F79EFBC}") = "Sample.ModelServer", "Samples\Sample.ModelServer\Sample.ModelServer.csproj", "{99FACD70-93B1-4EA8-BB4C-D27A2CB8A6E3}"
EndProject
Project("{FAE04EC0-301F-11D3-BF4B-00C04F79EFBC}") = "Horse.WebSocket.Server", "Horse.WebSocket.Server\Horse.WebSocket.Server.csproj", "{B3AB5486-08EB-4F36-B7B4-B587F2FC46B0}"
EndProject
Global
	GlobalSection(SolutionConfigurationPlatforms) = preSolution
		Debug|Any CPU = Debug|Any CPU
		Release|Any CPU = Release|Any CPU
	EndGlobalSection
	GlobalSection(ProjectConfigurationPlatforms) = postSolution
		{462031BE-03D9-4AE5-9F81-91A7958A5164}.Debug|Any CPU.ActiveCfg = Debug|Any CPU
		{462031BE-03D9-4AE5-9F81-91A7958A5164}.Debug|Any CPU.Build.0 = Debug|Any CPU
		{462031BE-03D9-4AE5-9F81-91A7958A5164}.Release|Any CPU.ActiveCfg = Release|Any CPU
		{462031BE-03D9-4AE5-9F81-91A7958A5164}.Release|Any CPU.Build.0 = Release|Any CPU
		{8BC13986-1AEB-456A-B1BD-F4548D02E77F}.Debug|Any CPU.ActiveCfg = Debug|Any CPU
		{8BC13986-1AEB-456A-B1BD-F4548D02E77F}.Debug|Any CPU.Build.0 = Debug|Any CPU
		{8BC13986-1AEB-456A-B1BD-F4548D02E77F}.Release|Any CPU.ActiveCfg = Release|Any CPU
		{8BC13986-1AEB-456A-B1BD-F4548D02E77F}.Release|Any CPU.Build.0 = Release|Any CPU
		{8363D7BB-53CE-4C72-BF57-D57C3DDFED13}.Debug|Any CPU.ActiveCfg = Debug|Any CPU
		{8363D7BB-53CE-4C72-BF57-D57C3DDFED13}.Debug|Any CPU.Build.0 = Debug|Any CPU
		{8363D7BB-53CE-4C72-BF57-D57C3DDFED13}.Release|Any CPU.ActiveCfg = Release|Any CPU
		{8363D7BB-53CE-4C72-BF57-D57C3DDFED13}.Release|Any CPU.Build.0 = Release|Any CPU
		{1468A7B1-BCD4-4362-8637-8A616277B133}.Debug|Any CPU.ActiveCfg = Debug|Any CPU
		{1468A7B1-BCD4-4362-8637-8A616277B133}.Debug|Any CPU.Build.0 = Debug|Any CPU
		{1468A7B1-BCD4-4362-8637-8A616277B133}.Release|Any CPU.ActiveCfg = Release|Any CPU
		{1468A7B1-BCD4-4362-8637-8A616277B133}.Release|Any CPU.Build.0 = Release|Any CPU
		{99FACD70-93B1-4EA8-BB4C-D27A2CB8A6E3}.Debug|Any CPU.ActiveCfg = Debug|Any CPU
		{99FACD70-93B1-4EA8-BB4C-D27A2CB8A6E3}.Debug|Any CPU.Build.0 = Debug|Any CPU
		{99FACD70-93B1-4EA8-BB4C-D27A2CB8A6E3}.Release|Any CPU.ActiveCfg = Release|Any CPU
		{99FACD70-93B1-4EA8-BB4C-D27A2CB8A6E3}.Release|Any CPU.Build.0 = Release|Any CPU
		{B3AB5486-08EB-4F36-B7B4-B587F2FC46B0}.Debug|Any CPU.ActiveCfg = Debug|Any CPU
		{B3AB5486-08EB-4F36-B7B4-B587F2FC46B0}.Debug|Any CPU.Build.0 = Debug|Any CPU
		{B3AB5486-08EB-4F36-B7B4-B587F2FC46B0}.Release|Any CPU.ActiveCfg = Release|Any CPU
		{B3AB5486-08EB-4F36-B7B4-B587F2FC46B0}.Release|Any CPU.Build.0 = Release|Any CPU
	EndGlobalSection
	GlobalSection(NestedProjects) = preSolution
		{8363D7BB-53CE-4C72-BF57-D57C3DDFED13} = {0412C48D-9071-49B4-98DB-87DEE843B43C}
		{1468A7B1-BCD4-4362-8637-8A616277B133} = {0412C48D-9071-49B4-98DB-87DEE843B43C}
		{99FACD70-93B1-4EA8-BB4C-D27A2CB8A6E3} = {0412C48D-9071-49B4-98DB-87DEE843B43C}
	EndGlobalSection
EndGlobal
