
Microsoft Visual Studio Solution File, Format Version 12.00
Project("{FAE04EC0-301F-11D3-BF4B-00C04F79EFBC}") = "Twino.Protocols.WebSocket", "Twino.Protocols.WebSocket\Twino.Protocols.WebSocket.csproj", "{462031BE-03D9-4AE5-9F81-91A7958A5164}"
EndProject
Project("{2150E333-8FDC-42A3-9474-1A3956D46DE8}") = "Samples", "Samples", "{0412C48D-9071-49B4-98DB-87DEE843B43C}"
EndProject
Project("{2150E333-8FDC-42A3-9474-1A3956D46DE8}") = "Tests", "Tests", "{F4E026D1-E7B8-4C3E-86D8-1E63FC599221}"
EndProject
Project("{FAE04EC0-301F-11D3-BF4B-00C04F79EFBC}") = "Twino.Client.WebSocket", "Twino.Client.WebSocket\Twino.Client.WebSocket.csproj", "{8BC13986-1AEB-456A-B1BD-F4548D02E77F}"
EndProject
Project("{FAE04EC0-301F-11D3-BF4B-00C04F79EFBC}") = "Twino.SerializableModel", "Twino.SerializableModel\Twino.SerializableModel.csproj", "{49DC00A9-DA21-405D-A9DB-F84F906F70DB}"
EndProject
Project("{FAE04EC0-301F-11D3-BF4B-00C04F79EFBC}") = "Sample.Connectors", "Samples\Sample.Connectors\Sample.Connectors.csproj", "{AC155579-AF01-410C-8509-7216B43895FA}"
EndProject
Project("{FAE04EC0-301F-11D3-BF4B-00C04F79EFBC}") = "Sample.WebSocket.Client", "Samples\Sample.WebSocket.Client\Sample.WebSocket.Client.csproj", "{8363D7BB-53CE-4C72-BF57-D57C3DDFED13}"
EndProject
Project("{FAE04EC0-301F-11D3-BF4B-00C04F79EFBC}") = "Sample.WebSocket.Server", "Samples\Sample.WebSocket.Server\Sample.WebSocket.Server.csproj", "{1468A7B1-BCD4-4362-8637-8A616277B133}"
EndProject
Project("{FAE04EC0-301F-11D3-BF4B-00C04F79EFBC}") = "Test.Connector", "Tests\Test.Connector\Test.Connector.csproj", "{BC6DCA76-6528-4F4C-BA2C-734C21B75E52}"
EndProject
Project("{FAE04EC0-301F-11D3-BF4B-00C04F79EFBC}") = "Test.SerializableModel", "Tests\Test.SerializableModel\Test.SerializableModel.csproj", "{9366FE0F-6E77-41CA-AF72-DBCCBEA4ABB6}"
EndProject
Project("{FAE04EC0-301F-11D3-BF4B-00C04F79EFBC}") = "Twino.WebSocket.Models", "Twino.WebSocket.Models\Twino.WebSocket.Models.csproj", "{0437DBF5-3303-40C4-8C14-08B594BE03AA}"
EndProject
Global
	GlobalSection(SolutionConfigurationPlatforms) = preSolution
		Debug|Any CPU = Debug|Any CPU
		Release|Any CPU = Release|Any CPU
	EndGlobalSection
	GlobalSection(ProjectConfigurationPlatforms) = postSolution
		{462031BE-03D9-4AE5-9F81-91A7958A5164}.Debug|Any CPU.ActiveCfg = Debug|Any CPU
		{462031BE-03D9-4AE5-9F81-91A7958A5164}.Debug|Any CPU.Build.0 = Debug|Any CPU
		{462031BE-03D9-4AE5-9F81-91A7958A5164}.Release|Any CPU.ActiveCfg = Release|Any CPU
		{462031BE-03D9-4AE5-9F81-91A7958A5164}.Release|Any CPU.Build.0 = Release|Any CPU
		{8BC13986-1AEB-456A-B1BD-F4548D02E77F}.Debug|Any CPU.ActiveCfg = Debug|Any CPU
		{8BC13986-1AEB-456A-B1BD-F4548D02E77F}.Debug|Any CPU.Build.0 = Debug|Any CPU
		{8BC13986-1AEB-456A-B1BD-F4548D02E77F}.Release|Any CPU.ActiveCfg = Release|Any CPU
		{8BC13986-1AEB-456A-B1BD-F4548D02E77F}.Release|Any CPU.Build.0 = Release|Any CPU
		{49DC00A9-DA21-405D-A9DB-F84F906F70DB}.Debug|Any CPU.ActiveCfg = Debug|Any CPU
		{49DC00A9-DA21-405D-A9DB-F84F906F70DB}.Debug|Any CPU.Build.0 = Debug|Any CPU
		{49DC00A9-DA21-405D-A9DB-F84F906F70DB}.Release|Any CPU.ActiveCfg = Release|Any CPU
		{49DC00A9-DA21-405D-A9DB-F84F906F70DB}.Release|Any CPU.Build.0 = Release|Any CPU
		{AC155579-AF01-410C-8509-7216B43895FA}.Debug|Any CPU.ActiveCfg = Debug|Any CPU
		{AC155579-AF01-410C-8509-7216B43895FA}.Debug|Any CPU.Build.0 = Debug|Any CPU
		{AC155579-AF01-410C-8509-7216B43895FA}.Release|Any CPU.ActiveCfg = Release|Any CPU
		{AC155579-AF01-410C-8509-7216B43895FA}.Release|Any CPU.Build.0 = Release|Any CPU
		{8363D7BB-53CE-4C72-BF57-D57C3DDFED13}.Debug|Any CPU.ActiveCfg = Debug|Any CPU
		{8363D7BB-53CE-4C72-BF57-D57C3DDFED13}.Debug|Any CPU.Build.0 = Debug|Any CPU
		{8363D7BB-53CE-4C72-BF57-D57C3DDFED13}.Release|Any CPU.ActiveCfg = Release|Any CPU
		{8363D7BB-53CE-4C72-BF57-D57C3DDFED13}.Release|Any CPU.Build.0 = Release|Any CPU
		{1468A7B1-BCD4-4362-8637-8A616277B133}.Debug|Any CPU.ActiveCfg = Debug|Any CPU
		{1468A7B1-BCD4-4362-8637-8A616277B133}.Debug|Any CPU.Build.0 = Debug|Any CPU
		{1468A7B1-BCD4-4362-8637-8A616277B133}.Release|Any CPU.ActiveCfg = Release|Any CPU
		{1468A7B1-BCD4-4362-8637-8A616277B133}.Release|Any CPU.Build.0 = Release|Any CPU
		{BC6DCA76-6528-4F4C-BA2C-734C21B75E52}.Debug|Any CPU.ActiveCfg = Debug|Any CPU
		{BC6DCA76-6528-4F4C-BA2C-734C21B75E52}.Debug|Any CPU.Build.0 = Debug|Any CPU
		{BC6DCA76-6528-4F4C-BA2C-734C21B75E52}.Release|Any CPU.ActiveCfg = Release|Any CPU
		{BC6DCA76-6528-4F4C-BA2C-734C21B75E52}.Release|Any CPU.Build.0 = Release|Any CPU
		{9366FE0F-6E77-41CA-AF72-DBCCBEA4ABB6}.Debug|Any CPU.ActiveCfg = Debug|Any CPU
		{9366FE0F-6E77-41CA-AF72-DBCCBEA4ABB6}.Debug|Any CPU.Build.0 = Debug|Any CPU
		{9366FE0F-6E77-41CA-AF72-DBCCBEA4ABB6}.Release|Any CPU.ActiveCfg = Release|Any CPU
		{9366FE0F-6E77-41CA-AF72-DBCCBEA4ABB6}.Release|Any CPU.Build.0 = Release|Any CPU
		{0437DBF5-3303-40C4-8C14-08B594BE03AA}.Debug|Any CPU.ActiveCfg = Debug|Any CPU
		{0437DBF5-3303-40C4-8C14-08B594BE03AA}.Debug|Any CPU.Build.0 = Debug|Any CPU
		{0437DBF5-3303-40C4-8C14-08B594BE03AA}.Release|Any CPU.ActiveCfg = Release|Any CPU
		{0437DBF5-3303-40C4-8C14-08B594BE03AA}.Release|Any CPU.Build.0 = Release|Any CPU
	EndGlobalSection
	GlobalSection(NestedProjects) = preSolution
		{AC155579-AF01-410C-8509-7216B43895FA} = {0412C48D-9071-49B4-98DB-87DEE843B43C}
		{8363D7BB-53CE-4C72-BF57-D57C3DDFED13} = {0412C48D-9071-49B4-98DB-87DEE843B43C}
		{1468A7B1-BCD4-4362-8637-8A616277B133} = {0412C48D-9071-49B4-98DB-87DEE843B43C}
		{BC6DCA76-6528-4F4C-BA2C-734C21B75E52} = {F4E026D1-E7B8-4C3E-86D8-1E63FC599221}
		{9366FE0F-6E77-41CA-AF72-DBCCBEA4ABB6} = {F4E026D1-E7B8-4C3E-86D8-1E63FC599221}
	EndGlobalSection
EndGlobal
